
Microsoft Visual Studio Solution File, Format Version 12.00
# Visual Studio Version 16
VisualStudioVersion = 16.0.31112.23
MinimumVisualStudioVersion = 10.0.40219.1
Project("{9A19103F-16F7-4668-BE54-9A1E7A4F7556}") = "ReadyGo.Web", "ReadyGo.Web\ReadyGo.Web.csproj", "{3E2B1121-066D-4E09-9344-F67713AA0765}"
EndProject
Project("{9A19103F-16F7-4668-BE54-9A1E7A4F7556}") = "ReadyGo.Domain", "ReadyGo.Domain\ReadyGo.Domain.csproj", "{7A2682C7-91C8-46FB-AAB7-44BE4B33DED9}"
EndProject
Project("{9A19103F-16F7-4668-BE54-9A1E7A4F7556}") = "ReadyGo.Service", "ReadyGo.Service\ReadyGo.Service.csproj", "{2CF28494-B105-4C70-A4FB-C31E67B8EC39}"
EndProject
Project("{9A19103F-16F7-4668-BE54-9A1E7A4F7556}") = "ReadyGo.Infrastructure", "ReadyGo.Infrastructure\ReadyGo.Infrastructure.csproj", "{55153BDC-6DB1-445B-AE7F-C1207704BDEB}"
EndProject
Project("{9A19103F-16F7-4668-BE54-9A1E7A4F7556}") = "ReadyGo.Persistence", "ReadyGo.Persistence\ReadyGo.Persistence.csproj", "{477B0BC9-FE21-4159-82BC-CAB35AB782B8}"
EndProject
Global
	GlobalSection(SolutionConfigurationPlatforms) = preSolution
		Debug|Any CPU = Debug|Any CPU
		Release|Any CPU = Release|Any CPU
	EndGlobalSection
	GlobalSection(ProjectConfigurationPlatforms) = postSolution
		{3E2B1121-066D-4E09-9344-F67713AA0765}.Debug|Any CPU.ActiveCfg = Debug|Any CPU
		{3E2B1121-066D-4E09-9344-F67713AA0765}.Debug|Any CPU.Build.0 = Debug|Any CPU
		{3E2B1121-066D-4E09-9344-F67713AA0765}.Release|Any CPU.ActiveCfg = Release|Any CPU
		{3E2B1121-066D-4E09-9344-F67713AA0765}.Release|Any CPU.Build.0 = Release|Any CPU
		{7A2682C7-91C8-46FB-AAB7-44BE4B33DED9}.Debug|Any CPU.ActiveCfg = Debug|Any CPU
		{7A2682C7-91C8-46FB-AAB7-44BE4B33DED9}.Debug|Any CPU.Build.0 = Debug|Any CPU
		{7A2682C7-91C8-46FB-AAB7-44BE4B33DED9}.Release|Any CPU.ActiveCfg = Release|Any CPU
		{7A2682C7-91C8-46FB-AAB7-44BE4B33DED9}.Release|Any CPU.Build.0 = Release|Any CPU
		{2CF28494-B105-4C70-A4FB-C31E67B8EC39}.Debug|Any CPU.ActiveCfg = Debug|Any CPU
		{2CF28494-B105-4C70-A4FB-C31E67B8EC39}.Debug|Any CPU.Build.0 = Debug|Any CPU
		{2CF28494-B105-4C70-A4FB-C31E67B8EC39}.Release|Any CPU.ActiveCfg = Release|Any CPU
		{2CF28494-B105-4C70-A4FB-C31E67B8EC39}.Release|Any CPU.Build.0 = Release|Any CPU
		{55153BDC-6DB1-445B-AE7F-C1207704BDEB}.Debug|Any CPU.ActiveCfg = Debug|Any CPU
		{55153BDC-6DB1-445B-AE7F-C1207704BDEB}.Debug|Any CPU.Build.0 = Debug|Any CPU
		{55153BDC-6DB1-445B-AE7F-C1207704BDEB}.Release|Any CPU.ActiveCfg = Release|Any CPU
		{55153BDC-6DB1-445B-AE7F-C1207704BDEB}.Release|Any CPU.Build.0 = Release|Any CPU
		{477B0BC9-FE21-4159-82BC-CAB35AB782B8}.Debug|Any CPU.ActiveCfg = Debug|Any CPU
		{477B0BC9-FE21-4159-82BC-CAB35AB782B8}.Debug|Any CPU.Build.0 = Debug|Any CPU
		{477B0BC9-FE21-4159-82BC-CAB35AB782B8}.Release|Any CPU.ActiveCfg = Release|Any CPU
		{477B0BC9-FE21-4159-82BC-CAB35AB782B8}.Release|Any CPU.Build.0 = Release|Any CPU
	EndGlobalSection
	GlobalSection(SolutionProperties) = preSolution
		HideSolutionNode = FALSE
	EndGlobalSection
	GlobalSection(ExtensibilityGlobals) = postSolution
		SolutionGuid = {DD5EBE3B-938E-4638-8BD4-6308DB0FBAF5}
	EndGlobalSection
EndGlobal
